
Microsoft Visual Studio Solution File, Format Version 12.00
# Visual Studio Version 17
VisualStudioVersion = 17.8.34330.188
MinimumVisualStudioVersion = 10.0.40219.1
Project("{FAE04EC0-301F-11D3-BF4B-00C04F79EFBC}") = "EternelSuspention", "EternelSuspention.csproj", "{9E05F4F1-4E14-47C7-B9E4-9CD5D8423999}"
EndProject
Global
	GlobalSection(SolutionConfigurationPlatforms) = preSolution
		Debug|Any CPU = Debug|Any CPU
		Release|Any CPU = Release|Any CPU
	EndGlobalSection
	GlobalSection(ProjectConfigurationPlatforms) = postSolution
		{9E05F4F1-4E14-47C7-B9E4-9CD5D8423999}.Debug|Any CPU.ActiveCfg = Debug|Any CPU
		{9E05F4F1-4E14-47C7-B9E4-9CD5D8423999}.Debug|Any CPU.Build.0 = Debug|Any CPU
		{9E05F4F1-4E14-47C7-B9E4-9CD5D8423999}.Release|Any CPU.ActiveCfg = Release|Any CPU
		{9E05F4F1-4E14-47C7-B9E4-9CD5D8423999}.Release|Any CPU.Build.0 = Release|Any CPU
	EndGlobalSection
	GlobalSection(SolutionProperties) = preSolution
		HideSolutionNode = FALSE
	EndGlobalSection
	GlobalSection(ExtensibilityGlobals) = postSolution
		SolutionGuid = {6CA6F6E3-A209-44BC-9E98-B91456DAD2A9}
	EndGlobalSection
EndGlobal
